// !$*UTF8*$!
{
	archiveVersion = 1;
	classes = {
	};
	objectVersion = 56;
	objects = {

/* Begin PBXBuildFile section */
		1A2B3C4D5E6F700000000001 /* QuestBondApp.swift in Sources */ = {isa = PBXBuildFile; fileRef = 1A2B3C4D5E6F700000000002 /* QuestBondApp.swift */; };
		1A2B3C4D5E6F700000000012 /* Assets.xcassets in Resources */ = {isa = PBXBuildFile; fileRef = 1A2B3C4D5E6F700000000013 /* Assets.xcassets */; };
		1A2B3C4D5E6F700000000014 /* Models.swift in Sources */ = {isa = PBXBuildFile; fileRef = 1A2B3C4D5E6F700000000015 /* Models.swift */; };
		1A2B3C4D5E6F700000000016 /* QuestBondStore.swift in Sources */ = {isa = PBXBuildFile; fileRef = 1A2B3C4D5E6F700000000017 /* QuestBondStore.swift */; };
		1A2B3C4D5E6F700000000018 /* MatchingService.swift in Sources */ = {isa = PBXBuildFile; fileRef = 1A2B3C4D5E6F700000000019 /* MatchingService.swift */; };
		1A2B3C4D5E6F70000000001A /* SeedData.swift in Sources */ = {isa = PBXBuildFile; fileRef = 1A2B3C4D5E6F70000000001B /* SeedData.swift */; };
		1A2B3C4D5E6F70000000001C /* AppViews.swift in Sources */ = {isa = PBXBuildFile; fileRef = 1A2B3C4D5E6F70000000001D /* AppViews.swift */; };
		1A2B3C4D5E6F70000000001E /* Theme.swift in Sources */ = {isa = PBXBuildFile; fileRef = 1A2B3C4D5E6F70000000001F /* Theme.swift */; };
		1A2B3C4D5E6F700000000020 /* AppDelegate.swift in Sources */ = {isa = PBXBuildFile; fileRef = 1A2B3C4D5E6F700000000021 /* AppDelegate.swift */; };
		1A2B3C4D5E6F700000000022 /* NotificationRegistrationService.swift in Sources */ = {isa = PBXBuildFile; fileRef = 1A2B3C4D5E6F700000000023 /* NotificationRegistrationService.swift */; };
		1A2B3C4D5E6F700000000024 /* BackendServices.swift in Sources */ = {isa = PBXBuildFile; fileRef = 1A2B3C4D5E6F700000000025 /* BackendServices.swift */; };
		1A2B3C4D5E6F700000000026 /* LocationSearchService.swift in Sources */ = {isa = PBXBuildFile; fileRef = 1A2B3C4D5E6F700000000027 /* LocationSearchService.swift */; };
		1A2B3C4D5E6F700000000030 /* MatchingServiceTests.swift in Sources */ = {isa = PBXBuildFile; fileRef = 1A2B3C4D5E6F700000000031 /* MatchingServiceTests.swift */; };
		1A2B3C4D5E6F70000000003D /* CrashReportingService.swift in Sources */ = {isa = PBXBuildFile; fileRef = 1A2B3C4D5E6F70000000003E /* CrashReportingService.swift */; };
		1A2B3C4D5E6F700000000040 /* SupabaseConfig.swift in Sources */ = {isa = PBXBuildFile; fileRef = 1A2B3C4D5E6F700000000041 /* SupabaseConfig.swift */; };
		1A2B3C4D5E6F700000000042 /* SupabaseClient.swift in Sources */ = {isa = PBXBuildFile; fileRef = 1A2B3C4D5E6F700000000043 /* SupabaseClient.swift */; };
		1A2B3C4D5E6F700000000044 /* SupabaseBackendServices.swift in Sources */ = {isa = PBXBuildFile; fileRef = 1A2B3C4D5E6F700000000045 /* SupabaseBackendServices.swift */; };
		1A2B3C4D5E6F700000000046 /* AuthSessionStore.swift in Sources */ = {isa = PBXBuildFile; fileRef = 1A2B3C4D5E6F700000000047 /* AuthSessionStore.swift */; };
		1A2B3C4D5E6F700000000048 /* ModerationService.swift in Sources */ = {isa = PBXBuildFile; fileRef = 1A2B3C4D5E6F700000000049 /* ModerationService.swift */; };
		1A2B3C4D5E6F70000000004A /* SupabaseRealtimeService.swift in Sources */ = {isa = PBXBuildFile; fileRef = 1A2B3C4D5E6F70000000004B /* SupabaseRealtimeService.swift */; };
		1A2B3C4D5E6F70000000004C /* KeychainSessionStore.swift in Sources */ = {isa = PBXBuildFile; fileRef = 1A2B3C4D5E6F70000000004D /* KeychainSessionStore.swift */; };
		1A2B3C4D5E6F70000000004E /* SignInWithAppleService.swift in Sources */ = {isa = PBXBuildFile; fileRef = 1A2B3C4D5E6F70000000004F /* SignInWithAppleService.swift */; };
		1A2B3C4D5E6F700000000051 /* Supabase in Frameworks */ = {isa = PBXBuildFile; productRef = 1A2B3C4D5E6F700000000052 /* Supabase */; };
/* End PBXBuildFile section */

/* Begin PBXContainerItemProxy section */
		1A2B3C4D5E6F700000000032 /* PBXContainerItemProxy */ = {
			isa = PBXContainerItemProxy;
			containerPortal = 1A2B3C4D5E6F70000000000C /* Project object */;
			proxyType = 1;
			remoteGlobalIDString = 1A2B3C4D5E6F700000000008;
			remoteInfo = QuestBond;
		};
/* End PBXContainerItemProxy section */

/* Begin PBXFileReference section */
		1A2B3C4D5E6F700000000002 /* QuestBondApp.swift */ = {isa = PBXFileReference; lastKnownFileType = sourcecode.swift; path = QuestBondApp.swift; sourceTree = "<group>"; };
		1A2B3C4D5E6F700000000003 /* QuestBond.app */ = {isa = PBXFileReference; explicitFileType = wrapper.application; includeInIndex = 0; path = QuestBond.app; sourceTree = BUILT_PRODUCTS_DIR; };
		1A2B3C4D5E6F700000000013 /* Assets.xcassets */ = {isa = PBXFileReference; lastKnownFileType = folder.assetcatalog; path = Assets.xcassets; sourceTree = "<group>"; };
		1A2B3C4D5E6F700000000015 /* Models.swift */ = {isa = PBXFileReference; lastKnownFileType = sourcecode.swift; path = Models/Models.swift; sourceTree = "<group>"; };
		1A2B3C4D5E6F700000000017 /* QuestBondStore.swift */ = {isa = PBXFileReference; lastKnownFileType = sourcecode.swift; path = Stores/QuestBondStore.swift; sourceTree = "<group>"; };
		1A2B3C4D5E6F700000000019 /* MatchingService.swift */ = {isa = PBXFileReference; lastKnownFileType = sourcecode.swift; path = Services/MatchingService.swift; sourceTree = "<group>"; };
		1A2B3C4D5E6F70000000001B /* SeedData.swift */ = {isa = PBXFileReference; lastKnownFileType = sourcecode.swift; path = Data/SeedData.swift; sourceTree = "<group>"; };
		1A2B3C4D5E6F70000000001D /* AppViews.swift */ = {isa = PBXFileReference; lastKnownFileType = sourcecode.swift; path = Views/AppViews.swift; sourceTree = "<group>"; };
		1A2B3C4D5E6F70000000001F /* Theme.swift */ = {isa = PBXFileReference; lastKnownFileType = sourcecode.swift; path = Theme/Theme.swift; sourceTree = "<group>"; };
		1A2B3C4D5E6F700000000021 /* AppDelegate.swift */ = {isa = PBXFileReference; lastKnownFileType = sourcecode.swift; path = Services/AppDelegate.swift; sourceTree = "<group>"; };
		1A2B3C4D5E6F700000000023 /* NotificationRegistrationService.swift */ = {isa = PBXFileReference; lastKnownFileType = sourcecode.swift; path = Services/NotificationRegistrationService.swift; sourceTree = "<group>"; };
		1A2B3C4D5E6F700000000025 /* BackendServices.swift */ = {isa = PBXFileReference; lastKnownFileType = sourcecode.swift; path = Services/BackendServices.swift; sourceTree = "<group>"; };
		1A2B3C4D5E6F700000000027 /* LocationSearchService.swift */ = {isa = PBXFileReference; lastKnownFileType = sourcecode.swift; path = Services/LocationSearchService.swift; sourceTree = "<group>"; };
		1A2B3C4D5E6F700000000031 /* MatchingServiceTests.swift */ = {isa = PBXFileReference; lastKnownFileType = sourcecode.swift; path = MatchingServiceTests.swift; sourceTree = "<group>"; };
		1A2B3C4D5E6F700000000033 /* QuestBondTests.xctest */ = {isa = PBXFileReference; explicitFileType = wrapper.cfbundle; includeInIndex = 0; path = QuestBondTests.xctest; sourceTree = BUILT_PRODUCTS_DIR; };
		1A2B3C4D5E6F70000000003E /* CrashReportingService.swift */ = {isa = PBXFileReference; lastKnownFileType = sourcecode.swift; path = Services/CrashReportingService.swift; sourceTree = "<group>"; };
		1A2B3C4D5E6F700000000041 /* SupabaseConfig.swift */ = {isa = PBXFileReference; lastKnownFileType = sourcecode.swift; path = Config/SupabaseConfig.swift; sourceTree = "<group>"; };
		1A2B3C4D5E6F700000000043 /* SupabaseClient.swift */ = {isa = PBXFileReference; lastKnownFileType = sourcecode.swift; path = Services/SupabaseClient.swift; sourceTree = "<group>"; };
		1A2B3C4D5E6F700000000045 /* SupabaseBackendServices.swift */ = {isa = PBXFileReference; lastKnownFileType = sourcecode.swift; path = Services/SupabaseBackendServices.swift; sourceTree = "<group>"; };
		1A2B3C4D5E6F700000000047 /* AuthSessionStore.swift */ = {isa = PBXFileReference; lastKnownFileType = sourcecode.swift; path = Services/AuthSessionStore.swift; sourceTree = "<group>"; };
		1A2B3C4D5E6F700000000049 /* ModerationService.swift */ = {isa = PBXFileReference; lastKnownFileType = sourcecode.swift; path = Services/ModerationService.swift; sourceTree = "<group>"; };
		1A2B3C4D5E6F70000000004B /* SupabaseRealtimeService.swift */ = {isa = PBXFileReference; lastKnownFileType = sourcecode.swift; path = Services/SupabaseRealtimeService.swift; sourceTree = "<group>"; };
		1A2B3C4D5E6F70000000004D /* KeychainSessionStore.swift */ = {isa = PBXFileReference; lastKnownFileType = sourcecode.swift; path = Services/KeychainSessionStore.swift; sourceTree = "<group>"; };
		1A2B3C4D5E6F70000000004F /* SignInWithAppleService.swift */ = {isa = PBXFileReference; lastKnownFileType = sourcecode.swift; path = Services/SignInWithAppleService.swift; sourceTree = "<group>"; };
		1A2B3C4D5E6F700000000050 /* QuestBond.entitlements */ = {isa = PBXFileReference; lastKnownFileType = text.plist.entitlements; path = QuestBond.entitlements; sourceTree = "<group>"; };
/* End PBXFileReference section */

/* Begin PBXFrameworksBuildPhase section */
		1A2B3C4D5E6F700000000004 /* Frameworks */ = {
			isa = PBXFrameworksBuildPhase;
			buildActionMask = 2147483647;
			files = (
				1A2B3C4D5E6F700000000051 /* Supabase in Frameworks */,
			);
			runOnlyForDeploymentPostprocessing = 0;
		};
		1A2B3C4D5E6F700000000034 /* Frameworks */ = {
			isa = PBXFrameworksBuildPhase;
			buildActionMask = 2147483647;
			files = (
			);
			runOnlyForDeploymentPostprocessing = 0;
		};
/* End PBXFrameworksBuildPhase section */

/* Begin PBXGroup section */
		1A2B3C4D5E6F700000000005 = {
			isa = PBXGroup;
			children = (
				1A2B3C4D5E6F700000000006 /* QuestBond */,
				1A2B3C4D5E6F700000000035 /* QuestBondTests */,
				1A2B3C4D5E6F700000000007 /* Products */,
			);
			sourceTree = "<group>";
		};
		1A2B3C4D5E6F700000000006 /* QuestBond */ = {
			isa = PBXGroup;
			children = (
				1A2B3C4D5E6F700000000002 /* QuestBondApp.swift */,
				1A2B3C4D5E6F700000000015 /* Models.swift */,
				1A2B3C4D5E6F700000000017 /* QuestBondStore.swift */,
				1A2B3C4D5E6F700000000019 /* MatchingService.swift */,
				1A2B3C4D5E6F70000000001B /* SeedData.swift */,
				1A2B3C4D5E6F70000000001D /* AppViews.swift */,
				1A2B3C4D5E6F70000000001F /* Theme.swift */,
				1A2B3C4D5E6F700000000021 /* AppDelegate.swift */,
				1A2B3C4D5E6F700000000023 /* NotificationRegistrationService.swift */,
				1A2B3C4D5E6F700000000025 /* BackendServices.swift */,
				1A2B3C4D5E6F700000000027 /* LocationSearchService.swift */,
				1A2B3C4D5E6F70000000003E /* CrashReportingService.swift */,
				1A2B3C4D5E6F700000000041 /* SupabaseConfig.swift */,
				1A2B3C4D5E6F700000000043 /* SupabaseClient.swift */,
				1A2B3C4D5E6F700000000045 /* SupabaseBackendServices.swift */,
				1A2B3C4D5E6F700000000047 /* AuthSessionStore.swift */,
				1A2B3C4D5E6F700000000049 /* ModerationService.swift */,
				1A2B3C4D5E6F70000000004B /* SupabaseRealtimeService.swift */,
				1A2B3C4D5E6F70000000004D /* KeychainSessionStore.swift */,
				1A2B3C4D5E6F70000000004F /* SignInWithAppleService.swift */,
				1A2B3C4D5E6F700000000050 /* QuestBond.entitlements */,
				1A2B3C4D5E6F700000000013 /* Assets.xcassets */,
			);
			path = QuestBond;
			sourceTree = "<group>";
		};
		1A2B3C4D5E6F700000000007 /* Products */ = {
			isa = PBXGroup;
			children = (
				1A2B3C4D5E6F700000000003 /* QuestBond.app */,
				1A2B3C4D5E6F700000000033 /* QuestBondTests.xctest */,
			);
			name = Products;
			sourceTree = "<group>";
		};
		1A2B3C4D5E6F700000000035 /* QuestBondTests */ = {
			isa = PBXGroup;
			children = (
				1A2B3C4D5E6F700000000031 /* MatchingServiceTests.swift */,
			);
			path = QuestBondTests;
			sourceTree = "<group>";
		};
/* End PBXGroup section */

/* Begin PBXNativeTarget section */
		1A2B3C4D5E6F700000000008 /* QuestBond */ = {
			isa = PBXNativeTarget;
			buildConfigurationList = 1A2B3C4D5E6F700000000009 /* Build configuration list for PBXNativeTarget "QuestBond" */;
			buildPhases = (
				1A2B3C4D5E6F70000000000A /* Sources */,
				1A2B3C4D5E6F700000000004 /* Frameworks */,
				1A2B3C4D5E6F70000000000B /* Resources */,
			);
			buildRules = (
			);
			dependencies = (
			);
			name = QuestBond;
			packageProductDependencies = (
				1A2B3C4D5E6F700000000052 /* Supabase */,
			);
			productName = QuestBond;
			productReference = 1A2B3C4D5E6F700000000003 /* QuestBond.app */;
			productType = "com.apple.product-type.application";
		};
		1A2B3C4D5E6F700000000036 /* QuestBondTests */ = {
			isa = PBXNativeTarget;
			buildConfigurationList = 1A2B3C4D5E6F700000000037 /* Build configuration list for PBXNativeTarget "QuestBondTests" */;
			buildPhases = (
				1A2B3C4D5E6F700000000038 /* Sources */,
				1A2B3C4D5E6F700000000034 /* Frameworks */,
				1A2B3C4D5E6F700000000039 /* Resources */,
			);
			buildRules = (
			);
			dependencies = (
				1A2B3C4D5E6F70000000003A /* PBXTargetDependency */,
			);
			name = QuestBondTests;
			productName = QuestBondTests;
			productReference = 1A2B3C4D5E6F700000000033 /* QuestBondTests.xctest */;
			productType = "com.apple.product-type.bundle.unit-test";
		};
/* End PBXNativeTarget section */

/* Begin PBXProject section */
		1A2B3C4D5E6F70000000000C /* Project object */ = {
			isa = PBXProject;
			attributes = {
				BuildIndependentTargetsInParallel = 1;
				LastSwiftUpdateCheck = 2620;
				LastUpgradeCheck = 2620;
				TargetAttributes = {
					1A2B3C4D5E6F700000000008 = {
						CreatedOnToolsVersion = 26.2;
					};
					1A2B3C4D5E6F700000000036 = {
						CreatedOnToolsVersion = 26.2;
						TestTargetID = 1A2B3C4D5E6F700000000008;
					};
				};
			};
			buildConfigurationList = 1A2B3C4D5E6F70000000000D /* Build configuration list for PBXProject "QuestBond" */;
			compatibilityVersion = "Xcode 14.0";
			developmentRegion = en;
			hasScannedForEncodings = 0;
			knownRegions = (
				en,
				Base,
			);
			mainGroup = 1A2B3C4D5E6F700000000005;
			packageReferences = (
				1A2B3C4D5E6F700000000053 /* XCRemoteSwiftPackageReference "supabase-swift" */,
			);
			productRefGroup = 1A2B3C4D5E6F700000000007 /* Products */;
			projectDirPath = "";
			projectRoot = "";
			targets = (
				1A2B3C4D5E6F700000000008 /* QuestBond */,
				1A2B3C4D5E6F700000000036 /* QuestBondTests */,
			);
		};
/* End PBXProject section */

/* Begin PBXResourcesBuildPhase section */
		1A2B3C4D5E6F70000000000B /* Resources */ = {
			isa = PBXResourcesBuildPhase;
			buildActionMask = 2147483647;
			files = (
				1A2B3C4D5E6F700000000012 /* Assets.xcassets in Resources */,
			);
			runOnlyForDeploymentPostprocessing = 0;
		};
		1A2B3C4D5E6F700000000039 /* Resources */ = {
			isa = PBXResourcesBuildPhase;
			buildActionMask = 2147483647;
			files = (
			);
			runOnlyForDeploymentPostprocessing = 0;
		};
/* End PBXResourcesBuildPhase section */

/* Begin PBXSourcesBuildPhase section */
		1A2B3C4D5E6F70000000000A /* Sources */ = {
			isa = PBXSourcesBuildPhase;
			buildActionMask = 2147483647;
			files = (
				1A2B3C4D5E6F700000000001 /* QuestBondApp.swift in Sources */,
				1A2B3C4D5E6F700000000014 /* Models.swift in Sources */,
				1A2B3C4D5E6F700000000016 /* QuestBondStore.swift in Sources */,
				1A2B3C4D5E6F700000000018 /* MatchingService.swift in Sources */,
				1A2B3C4D5E6F70000000001A /* SeedData.swift in Sources */,
				1A2B3C4D5E6F70000000001C /* AppViews.swift in Sources */,
				1A2B3C4D5E6F70000000001E /* Theme.swift in Sources */,
				1A2B3C4D5E6F700000000020 /* AppDelegate.swift in Sources */,
				1A2B3C4D5E6F700000000022 /* NotificationRegistrationService.swift in Sources */,
				1A2B3C4D5E6F700000000024 /* BackendServices.swift in Sources */,
				1A2B3C4D5E6F700000000026 /* LocationSearchService.swift in Sources */,
				1A2B3C4D5E6F70000000003D /* CrashReportingService.swift in Sources */,
				1A2B3C4D5E6F700000000040 /* SupabaseConfig.swift in Sources */,
				1A2B3C4D5E6F700000000042 /* SupabaseClient.swift in Sources */,
				1A2B3C4D5E6F700000000044 /* SupabaseBackendServices.swift in Sources */,
				1A2B3C4D5E6F700000000046 /* AuthSessionStore.swift in Sources */,
				1A2B3C4D5E6F700000000048 /* ModerationService.swift in Sources */,
				1A2B3C4D5E6F70000000004A /* SupabaseRealtimeService.swift in Sources */,
				1A2B3C4D5E6F70000000004C /* KeychainSessionStore.swift in Sources */,
				1A2B3C4D5E6F70000000004E /* SignInWithAppleService.swift in Sources */,
			);
			runOnlyForDeploymentPostprocessing = 0;
		};
		1A2B3C4D5E6F700000000038 /* Sources */ = {
			isa = PBXSourcesBuildPhase;
			buildActionMask = 2147483647;
			files = (
				1A2B3C4D5E6F700000000030 /* MatchingServiceTests.swift in Sources */,
			);
			runOnlyForDeploymentPostprocessing = 0;
		};
/* End PBXSourcesBuildPhase section */

/* Begin PBXTargetDependency section */
		1A2B3C4D5E6F70000000003A /* PBXTargetDependency */ = {
			isa = PBXTargetDependency;
			target = 1A2B3C4D5E6F700000000008 /* QuestBond */;
			targetProxy = 1A2B3C4D5E6F700000000032 /* PBXContainerItemProxy */;
		};
/* End PBXTargetDependency section */

/* Begin XCBuildConfiguration section */
		1A2B3C4D5E6F70000000000E /* Debug */ = {
			isa = XCBuildConfiguration;
			buildSettings = {
				ALWAYS_SEARCH_USER_PATHS = NO;
				CLANG_ANALYZER_NONNULL = YES;
				CLANG_ANALYZER_NUMBER_OBJECT_CONVERSION = YES_AGGRESSIVE;
				CLANG_CXX_LANGUAGE_STANDARD = "gnu++20";
				CLANG_ENABLE_MODULES = YES;
				CLANG_ENABLE_OBJC_ARC = YES;
				CLANG_ENABLE_OBJC_WEAK = YES;
				CLANG_WARN_BLOCK_CAPTURE_AUTORELEASING = YES;
				CLANG_WARN_BOOL_CONVERSION = YES;
				CLANG_WARN_COMMA = YES;
				CLANG_WARN_CONSTANT_CONVERSION = YES;
				CLANG_WARN_DEPRECATED_OBJC_IMPLEMENTATIONS = YES;
				CLANG_WARN_DIRECT_OBJC_ISA_USAGE = YES_ERROR;
				CLANG_WARN_DOCUMENTATION_COMMENTS = YES;
				CLANG_WARN_EMPTY_BODY = YES;
				CLANG_WARN_ENUM_CONVERSION = YES;
				CLANG_WARN_INFINITE_RECURSION = YES;
				CLANG_WARN_INT_CONVERSION = YES;
				CLANG_WARN_NON_LITERAL_NULL_CONVERSION = YES;
				CLANG_WARN_OBJC_IMPLICIT_RETAIN_SELF = YES;
				CLANG_WARN_OBJC_LITERAL_CONVERSION = YES;
				CLANG_WARN_OBJC_ROOT_CLASS = YES_ERROR;
				CLANG_WARN_QUOTED_INCLUDE_IN_FRAMEWORK_HEADER = YES;
				CLANG_WARN_RANGE_LOOP_ANALYSIS = YES;
				CLANG_WARN_STRICT_PROTOTYPES = YES;
				CLANG_WARN_SUSPICIOUS_MOVE = YES;
				CLANG_WARN_UNGUARDED_AVAILABILITY = YES_AGGRESSIVE;
				CLANG_WARN_UNREACHABLE_CODE = YES;
				CLANG_WARN__DUPLICATE_METHOD_MATCH = YES;
				COPY_PHASE_STRIP = NO;
				DEBUG_INFORMATION_FORMAT = dwarf;
				ENABLE_STRICT_OBJC_MSGSEND = YES;
				ENABLE_TESTABILITY = YES;
				ENABLE_USER_SCRIPT_SANDBOXING = YES;
				GCC_C_LANGUAGE_STANDARD = gnu17;
				GCC_DYNAMIC_NO_PIC = NO;
				GCC_NO_COMMON_BLOCKS = YES;
				GCC_OPTIMIZATION_LEVEL = 0;
				GCC_PREPROCESSOR_DEFINITIONS = (
					"DEBUG=1",
					"$(inherited)",
				);
				GCC_WARN_64_TO_32_BIT_CONVERSION = YES;
				GCC_WARN_ABOUT_RETURN_TYPE = YES_ERROR;
				GCC_WARN_UNDECLARED_SELECTOR = YES;
				GCC_WARN_UNINITIALIZED_AUTOS = YES_AGGRESSIVE;
				GCC_WARN_UNUSED_FUNCTION = YES;
				GCC_WARN_UNUSED_VARIABLE = YES;
				IPHONEOS_DEPLOYMENT_TARGET = 17.0;
				MTL_ENABLE_DEBUG_INFO = INCLUDE_SOURCE;
				MTL_FAST_MATH = YES;
				ONLY_ACTIVE_ARCH = YES;
				SDKROOT = iphoneos;
				SWIFT_ACTIVE_COMPILATION_CONDITIONS = DEBUG;
				SWIFT_OPTIMIZATION_LEVEL = "-Onone";
			};
			name = Debug;
		};
		1A2B3C4D5E6F70000000000F /* Release */ = {
			isa = XCBuildConfiguration;
			buildSettings = {
				ALWAYS_SEARCH_USER_PATHS = NO;
				CLANG_ANALYZER_NONNULL = YES;
				CLANG_ANALYZER_NUMBER_OBJECT_CONVERSION = YES_AGGRESSIVE;
				CLANG_CXX_LANGUAGE_STANDARD = "gnu++20";
				CLANG_ENABLE_MODULES = YES;
				CLANG_ENABLE_OBJC_ARC = YES;
				CLANG_ENABLE_OBJC_WEAK = YES;
				CLANG_WARN_BLOCK_CAPTURE_AUTORELEASING = YES;
				CLANG_WARN_BOOL_CONVERSION = YES;
				CLANG_WARN_COMMA = YES;
				CLANG_WARN_CONSTANT_CONVERSION = YES;
				CLANG_WARN_DEPRECATED_OBJC_IMPLEMENTATIONS = YES;
				CLANG_WARN_DIRECT_OBJC_ISA_USAGE = YES_ERROR;
				CLANG_WARN_DOCUMENTATION_COMMENTS = YES;
				CLANG_WARN_EMPTY_BODY = YES;
				CLANG_WARN_ENUM_CONVERSION = YES;
				CLANG_WARN_INFINITE_RECURSION = YES;
				CLANG_WARN_INT_CONVERSION = YES;
				CLANG_WARN_NON_LITERAL_NULL_CONVERSION = YES;
				CLANG_WARN_OBJC_IMPLICIT_RETAIN_SELF = YES;
				CLANG_WARN_OBJC_LITERAL_CONVERSION = YES;
				CLANG_WARN_OBJC_ROOT_CLASS = YES_ERROR;
				CLANG_WARN_QUOTED_INCLUDE_IN_FRAMEWORK_HEADER = YES;
				CLANG_WARN_RANGE_LOOP_ANALYSIS = YES;
				CLANG_WARN_STRICT_PROTOTYPES = YES;
				CLANG_WARN_SUSPICIOUS_MOVE = YES;
				CLANG_WARN_UNGUARDED_AVAILABILITY = YES_AGGRESSIVE;
				CLANG_WARN_UNREACHABLE_CODE = YES;
				CLANG_WARN__DUPLICATE_METHOD_MATCH = YES;
				COPY_PHASE_STRIP = NO;
				DEBUG_INFORMATION_FORMAT = "dwarf-with-dsym";
				ENABLE_NS_ASSERTIONS = NO;
				ENABLE_STRICT_OBJC_MSGSEND = YES;
				ENABLE_USER_SCRIPT_SANDBOXING = YES;
				GCC_C_LANGUAGE_STANDARD = gnu17;
				GCC_NO_COMMON_BLOCKS = YES;
				GCC_WARN_64_TO_32_BIT_CONVERSION = YES;
				GCC_WARN_ABOUT_RETURN_TYPE = YES_ERROR;
				GCC_WARN_UNDECLARED_SELECTOR = YES;
				GCC_WARN_UNINITIALIZED_AUTOS = YES_AGGRESSIVE;
				GCC_WARN_UNUSED_FUNCTION = YES;
				GCC_WARN_UNUSED_VARIABLE = YES;
				IPHONEOS_DEPLOYMENT_TARGET = 17.0;
				MTL_ENABLE_DEBUG_INFO = NO;
				MTL_FAST_MATH = YES;
				SDKROOT = iphoneos;
				SWIFT_COMPILATION_MODE = wholemodule;
				SWIFT_OPTIMIZATION_LEVEL = "-O";
				VALIDATE_PRODUCT = YES;
			};
			name = Release;
		};
		1A2B3C4D5E6F700000000010 /* Debug */ = {
			isa = XCBuildConfiguration;
			buildSettings = {
				ASSETCATALOG_COMPILER_APPICON_NAME = AppIcon;
				ASSETCATALOG_COMPILER_GLOBAL_ACCENT_COLOR_NAME = AccentColor;
				CODE_SIGN_STYLE = Automatic;
				CURRENT_PROJECT_VERSION = 1;
				DEVELOPMENT_ASSET_PATHS = "";
				DEVELOPMENT_TEAM = "";
				ENABLE_PREVIEWS = YES;
				GENERATE_INFOPLIST_FILE = YES;
				INFOPLIST_KEY_CFBundleDisplayName = QuestBond;
				INFOPLIST_KEY_LSApplicationCategoryType = "public.app-category.social-networking";
				INFOPLIST_KEY_UIApplicationSupportsIndirectInputEvents = YES;
				INFOPLIST_KEY_UILaunchScreen_Generation = YES;
				INFOPLIST_KEY_UISupportedInterfaceOrientations_iPad = "UIInterfaceOrientationPortrait UIInterfaceOrientationPortraitUpsideDown UIInterfaceOrientationLandscapeLeft UIInterfaceOrientationLandscapeRight";
				INFOPLIST_KEY_UISupportedInterfaceOrientations_iPhone = "UIInterfaceOrientationPortrait UIInterfaceOrientationLandscapeLeft UIInterfaceOrientationLandscapeRight";
				IPHONEOS_DEPLOYMENT_TARGET = 17.0;
				LD_RUNPATH_SEARCH_PATHS = (
					"$(inherited)",
					"@executable_path/Frameworks",
				);
				MARKETING_VERSION = 1.0;
				CODE_SIGN_ENTITLEMENTS = QuestBond/QuestBond.entitlements;
				PRODUCT_BUNDLE_IDENTIFIER = com.nickperez.questbond;
				PRODUCT_NAME = "$(TARGET_NAME)";
				SWIFT_EMIT_LOC_STRINGS = YES;
				SWIFT_VERSION = 5.0;
				TARGETED_DEVICE_FAMILY = "1,2";
			};
			name = Debug;
		};
		1A2B3C4D5E6F700000000011 /* Release */ = {
			isa = XCBuildConfiguration;
			buildSettings = {
				ASSETCATALOG_COMPILER_APPICON_NAME = AppIcon;
				ASSETCATALOG_COMPILER_GLOBAL_ACCENT_COLOR_NAME = AccentColor;
				CODE_SIGN_STYLE = Automatic;
				CURRENT_PROJECT_VERSION = 1;
				CODE_SIGN_ENTITLEMENTS = QuestBond/QuestBond.entitlements;
				DEVELOPMENT_ASSET_PATHS = "";
				DEVELOPMENT_TEAM = "";
				ENABLE_PREVIEWS = YES;
				GENERATE_INFOPLIST_FILE = YES;
				INFOPLIST_KEY_CFBundleDisplayName = QuestBond;
				INFOPLIST_KEY_LSApplicationCategoryType = "public.app-category.social-networking";
				INFOPLIST_KEY_UIApplicationSupportsIndirectInputEvents = YES;
				INFOPLIST_KEY_UILaunchScreen_Generation = YES;
				INFOPLIST_KEY_UISupportedInterfaceOrientations_iPad = "UIInterfaceOrientationPortrait UIInterfaceOrientationPortraitUpsideDown UIInterfaceOrientationLandscapeLeft UIInterfaceOrientationLandscapeRight";
				INFOPLIST_KEY_UISupportedInterfaceOrientations_iPhone = "UIInterfaceOrientationPortrait UIInterfaceOrientationLandscapeLeft UIInterfaceOrientationLandscapeRight";
				IPHONEOS_DEPLOYMENT_TARGET = 17.0;
				LD_RUNPATH_SEARCH_PATHS = (
					"$(inherited)",
					"@executable_path/Frameworks",
				);
				MARKETING_VERSION = 1.0;
				PRODUCT_BUNDLE_IDENTIFIER = com.nickperez.questbond;
				PRODUCT_NAME = "$(TARGET_NAME)";
				SWIFT_EMIT_LOC_STRINGS = YES;
				SWIFT_VERSION = 5.0;
				TARGETED_DEVICE_FAMILY = "1,2";
			};
			name = Release;
		};
		1A2B3C4D5E6F70000000003B /* Debug */ = {
			isa = XCBuildConfiguration;
			buildSettings = {
				BUNDLE_LOADER = "$(TEST_HOST)";
				CODE_SIGN_STYLE = Automatic;
				CURRENT_PROJECT_VERSION = 1;
				DEVELOPMENT_TEAM = "";
				GENERATE_INFOPLIST_FILE = YES;
				IPHONEOS_DEPLOYMENT_TARGET = 17.0;
				LD_RUNPATH_SEARCH_PATHS = (
					"$(inherited)",
					"@executable_path/Frameworks",
					"@loader_path/Frameworks",
				);
				MARKETING_VERSION = 1.0;
				PRODUCT_BUNDLE_IDENTIFIER = com.nickperez.questbond.tests;
				PRODUCT_NAME = "$(TARGET_NAME)";
				SWIFT_EMIT_LOC_STRINGS = NO;
				SWIFT_VERSION = 5.0;
				TARGETED_DEVICE_FAMILY = "1,2";
				TEST_HOST = "$(BUILT_PRODUCTS_DIR)/QuestBond.app/$(BUNDLE_EXECUTABLE_FOLDER_PATH)/QuestBond";
			};
			name = Debug;
		};
		1A2B3C4D5E6F70000000003C /* Release */ = {
			isa = XCBuildConfiguration;
			buildSettings = {
				BUNDLE_LOADER = "$(TEST_HOST)";
				CODE_SIGN_STYLE = Automatic;
				CURRENT_PROJECT_VERSION = 1;
				DEVELOPMENT_TEAM = "";
				GENERATE_INFOPLIST_FILE = YES;
				IPHONEOS_DEPLOYMENT_TARGET = 17.0;
				LD_RUNPATH_SEARCH_PATHS = (
					"$(inherited)",
					"@executable_path/Frameworks",
					"@loader_path/Frameworks",
				);
				MARKETING_VERSION = 1.0;
				PRODUCT_BUNDLE_IDENTIFIER = com.nickperez.questbond.tests;
				PRODUCT_NAME = "$(TARGET_NAME)";
				SWIFT_EMIT_LOC_STRINGS = NO;
				SWIFT_VERSION = 5.0;
				TARGETED_DEVICE_FAMILY = "1,2";
				TEST_HOST = "$(BUILT_PRODUCTS_DIR)/QuestBond.app/$(BUNDLE_EXECUTABLE_FOLDER_PATH)/QuestBond";
			};
			name = Release;
		};
/* End XCBuildConfiguration section */

/* Begin XCConfigurationList section */
		1A2B3C4D5E6F70000000000D /* Build configuration list for PBXProject "QuestBond" */ = {
			isa = XCConfigurationList;
			buildConfigurations = (
				1A2B3C4D5E6F70000000000E /* Debug */,
				1A2B3C4D5E6F70000000000F /* Release */,
			);
			defaultConfigurationIsVisible = 0;
			defaultConfigurationName = Release;
		};
		1A2B3C4D5E6F700000000009 /* Build configuration list for PBXNativeTarget "QuestBond" */ = {
			isa = XCConfigurationList;
			buildConfigurations = (
				1A2B3C4D5E6F700000000010 /* Debug */,
				1A2B3C4D5E6F700000000011 /* Release */,
			);
			defaultConfigurationIsVisible = 0;
			defaultConfigurationName = Release;
		};
		1A2B3C4D5E6F700000000037 /* Build configuration list for PBXNativeTarget "QuestBondTests" */ = {
			isa = XCConfigurationList;
			buildConfigurations = (
				1A2B3C4D5E6F70000000003B /* Debug */,
				1A2B3C4D5E6F70000000003C /* Release */,
			);
			defaultConfigurationIsVisible = 0;
			defaultConfigurationName = Release;
		};
/* End XCConfigurationList section */

/* Begin XCRemoteSwiftPackageReference section */
		1A2B3C4D5E6F700000000053 /* XCRemoteSwiftPackageReference "supabase-swift" */ = {
			isa = XCRemoteSwiftPackageReference;
			repositoryURL = "https://github.com/supabase/supabase-swift.git";
			requirement = {
				kind = upToNextMajorVersion;
				minimumVersion = 2.46.0;
			};
		};
/* End XCRemoteSwiftPackageReference section */

/* Begin XCSwiftPackageProductDependency section */
		1A2B3C4D5E6F700000000052 /* Supabase */ = {
			isa = XCSwiftPackageProductDependency;
			package = 1A2B3C4D5E6F700000000053 /* XCRemoteSwiftPackageReference "supabase-swift" */;
			productName = Supabase;
		};
/* End XCSwiftPackageProductDependency section */
	};
	rootObject = 1A2B3C4D5E6F70000000000C /* Project object */;
}
